
Microsoft Visual Studio Solution File, Format Version 12.00
# Visual Studio Version 16
VisualStudioVersion = 16.0.30011.22
MinimumVisualStudioVersion = 15.0.26124.0
Project("{2150E333-8FDC-42A3-9474-1A3956D46DE8}") = "Src", "Src", "{B5AEBB61-A3C8-40AF-8549-8522104B5EE7}"
EndProject
Project("{2150E333-8FDC-42A3-9474-1A3956D46DE8}") = "Services", "Services", "{2A82517D-3564-4F33-81D4-99B8583FBD64}"
EndProject
Project("{2150E333-8FDC-42A3-9474-1A3956D46DE8}") = "Post", "Post", "{67AF1D6E-0C5B-476D-B676-D7D54C44F4EF}"
EndProject
Project("{9A19103F-16F7-4668-BE54-9A1E7A4F7556}") = "Post.API", "Src\Services\Post\Post.API\Post.API.csproj", "{EF55401D-FB37-4E5B-B660-A1E5B13B5AD4}"
EndProject
Project("{2150E333-8FDC-42A3-9474-1A3956D46DE8}") = "Order", "Order", "{4CFC08E0-D566-4FCF-82BB-7E54C445ED89}"
EndProject
Project("{9A19103F-16F7-4668-BE54-9A1E7A4F7556}") = "Order.API", "Src\Services\Order\Order.API\Order.API.csproj", "{70CAD16E-37A8-40E4-8DF5-251AC2171EC7}"
EndProject
Project("{9A19103F-16F7-4668-BE54-9A1E7A4F7556}") = "Order.Domain", "Src\Services\Order\Order.Domain\Order.Domain.csproj", "{93D5F3E5-ED0D-4AA0-AD60-B4AFF50EEDB0}"
EndProject
Project("{9A19103F-16F7-4668-BE54-9A1E7A4F7556}") = "Order.Infrastructure", "Src\Services\Order\Order.Infrastructure\Order.Infrastructure.csproj", "{811E4A77-8AE8-4CC5-BD61-21FCD53EEAA8}"
EndProject
Project("{9A19103F-16F7-4668-BE54-9A1E7A4F7556}") = "Post.Domain", "Src\Services\Post\Post.Domain\Post.Domain.csproj", "{C00FFF59-8BF3-4A9E-9FF0-9A88809E0503}"
EndProject
Project("{9A19103F-16F7-4668-BE54-9A1E7A4F7556}") = "Post.Infrastructure", "Src\Services\Post\Post.Infrastructure\Post.Infrastructure.csproj", "{FCC32D0B-FA49-4EB8-A3F6-D3501CA36B6D}"
EndProject
Project("{2150E333-8FDC-42A3-9474-1A3956D46DE8}") = "Identity", "Identity", "{18450D65-2D28-43ED-A11D-AA06B428FDA3}"
EndProject
Project("{2150E333-8FDC-42A3-9474-1A3956D46DE8}") = "Test", "Test", "{B8E3BD6A-5937-44EC-9FED-8D324FE09F7C}"
EndProject
Project("{9A19103F-16F7-4668-BE54-9A1E7A4F7556}") = "Post.API.Query.EF", "Src\Services\Post\Post.API.Query.EF\Post.API.Query.EF.csproj", "{55340290-34EB-421E-AB57-DF66F9B47033}"
EndProject
Project("{9A19103F-16F7-4668-BE54-9A1E7A4F7556}") = "Post.API.Query", "Src\Services\Post\Post.API.Query\Post.API.Query.csproj", "{40BD617B-9F85-4CBD-A58E-61F84C0B46C7}"
EndProject
Project("{9A19103F-16F7-4668-BE54-9A1E7A4F7556}") = "ConsoleClient", "Test\ConsoleClient\ConsoleClient.csproj", "{04287BF1-C405-4BC0-A654-8A0608966665}"
EndProject
Project("{2150E333-8FDC-42A3-9474-1A3956D46DE8}") = "User", "User", "{633A04C0-C253-4A1B-BB38-3DC95AC8EFA4}"
EndProject
Project("{9A19103F-16F7-4668-BE54-9A1E7A4F7556}") = "User.API", "Src\Services\User\User.API\User.API.csproj", "{063E6EBE-E5CE-424E-A19B-A32AC46CBA5C}"
EndProject
Project("{9A19103F-16F7-4668-BE54-9A1E7A4F7556}") = "User.API.Query", "Src\Services\User\User.API.Query\User.API.Query.csproj", "{21C99174-ECEE-476E-A51B-6711EA1B0288}"
EndProject
Project("{9A19103F-16F7-4668-BE54-9A1E7A4F7556}") = "User.API.Query.EF", "Src\Services\User\User.API.Query.EF\User.API.Query.EF.csproj", "{03414638-52D1-4BC1-A07F-BF10AAB61A56}"
EndProject
Project("{9A19103F-16F7-4668-BE54-9A1E7A4F7556}") = "User.Domain", "Src\Services\User\User.Domain\User.Domain.csproj", "{D1B766D9-DB38-400A-9562-92D4BAACF234}"
EndProject
Project("{9A19103F-16F7-4668-BE54-9A1E7A4F7556}") = "User.Infrastructure", "Src\Services\User\User.Infrastructure\User.Infrastructure.csproj", "{20941248-B7E3-4FD0-95CB-B3EDC0FADF61}"
EndProject
Project("{2150E333-8FDC-42A3-9474-1A3956D46DE8}") = "ApiGateways", "ApiGateways", "{062A0EC6-4442-42C5-A840-F5B46D25BDE6}"
EndProject
Project("{9A19103F-16F7-4668-BE54-9A1E7A4F7556}") = "ApiGwBase", "Src\ApiGateways\ApiGwBase\ApiGwBase.csproj", "{3936A66C-C685-4CFC-8194-DCC0706E529E}"
EndProject
Project("{E53339B2-1760-4266-BCC7-CA923CBCF16C}") = "docker-compose", "docker-compose.dcproj", "{91E929B6-3FEA-48DF-A8FD-FA04AAB65185}"
EndProject
Global
	GlobalSection(SolutionConfigurationPlatforms) = preSolution
		Debug|Any CPU = Debug|Any CPU
		Debug|x64 = Debug|x64
		Debug|x86 = Debug|x86
		Release|Any CPU = Release|Any CPU
		Release|x64 = Release|x64
		Release|x86 = Release|x86
	EndGlobalSection
	GlobalSection(ProjectConfigurationPlatforms) = postSolution
		{EF55401D-FB37-4E5B-B660-A1E5B13B5AD4}.Debug|Any CPU.ActiveCfg = Debug|Any CPU
		{EF55401D-FB37-4E5B-B660-A1E5B13B5AD4}.Debug|Any CPU.Build.0 = Debug|Any CPU
		{EF55401D-FB37-4E5B-B660-A1E5B13B5AD4}.Debug|x64.ActiveCfg = Debug|Any CPU
		{EF55401D-FB37-4E5B-B660-A1E5B13B5AD4}.Debug|x64.Build.0 = Debug|Any CPU
		{EF55401D-FB37-4E5B-B660-A1E5B13B5AD4}.Debug|x86.ActiveCfg = Debug|Any CPU
		{EF55401D-FB37-4E5B-B660-A1E5B13B5AD4}.Debug|x86.Build.0 = Debug|Any CPU
		{EF55401D-FB37-4E5B-B660-A1E5B13B5AD4}.Release|Any CPU.ActiveCfg = Release|Any CPU
		{EF55401D-FB37-4E5B-B660-A1E5B13B5AD4}.Release|Any CPU.Build.0 = Release|Any CPU
		{EF55401D-FB37-4E5B-B660-A1E5B13B5AD4}.Release|x64.ActiveCfg = Release|Any CPU
		{EF55401D-FB37-4E5B-B660-A1E5B13B5AD4}.Release|x64.Build.0 = Release|Any CPU
		{EF55401D-FB37-4E5B-B660-A1E5B13B5AD4}.Release|x86.ActiveCfg = Release|Any CPU
		{EF55401D-FB37-4E5B-B660-A1E5B13B5AD4}.Release|x86.Build.0 = Release|Any CPU
		{70CAD16E-37A8-40E4-8DF5-251AC2171EC7}.Debug|Any CPU.ActiveCfg = Debug|Any CPU
		{70CAD16E-37A8-40E4-8DF5-251AC2171EC7}.Debug|Any CPU.Build.0 = Debug|Any CPU
		{70CAD16E-37A8-40E4-8DF5-251AC2171EC7}.Debug|x64.ActiveCfg = Debug|Any CPU
		{70CAD16E-37A8-40E4-8DF5-251AC2171EC7}.Debug|x64.Build.0 = Debug|Any CPU
		{70CAD16E-37A8-40E4-8DF5-251AC2171EC7}.Debug|x86.ActiveCfg = Debug|Any CPU
		{70CAD16E-37A8-40E4-8DF5-251AC2171EC7}.Debug|x86.Build.0 = Debug|Any CPU
		{70CAD16E-37A8-40E4-8DF5-251AC2171EC7}.Release|Any CPU.ActiveCfg = Release|Any CPU
		{70CAD16E-37A8-40E4-8DF5-251AC2171EC7}.Release|Any CPU.Build.0 = Release|Any CPU
		{70CAD16E-37A8-40E4-8DF5-251AC2171EC7}.Release|x64.ActiveCfg = Release|Any CPU
		{70CAD16E-37A8-40E4-8DF5-251AC2171EC7}.Release|x64.Build.0 = Release|Any CPU
		{70CAD16E-37A8-40E4-8DF5-251AC2171EC7}.Release|x86.ActiveCfg = Release|Any CPU
		{70CAD16E-37A8-40E4-8DF5-251AC2171EC7}.Release|x86.Build.0 = Release|Any CPU
		{93D5F3E5-ED0D-4AA0-AD60-B4AFF50EEDB0}.Debug|Any CPU.ActiveCfg = Debug|Any CPU
		{93D5F3E5-ED0D-4AA0-AD60-B4AFF50EEDB0}.Debug|Any CPU.Build.0 = Debug|Any CPU
		{93D5F3E5-ED0D-4AA0-AD60-B4AFF50EEDB0}.Debug|x64.ActiveCfg = Debug|Any CPU
		{93D5F3E5-ED0D-4AA0-AD60-B4AFF50EEDB0}.Debug|x64.Build.0 = Debug|Any CPU
		{93D5F3E5-ED0D-4AA0-AD60-B4AFF50EEDB0}.Debug|x86.ActiveCfg = Debug|Any CPU
		{93D5F3E5-ED0D-4AA0-AD60-B4AFF50EEDB0}.Debug|x86.Build.0 = Debug|Any CPU
		{93D5F3E5-ED0D-4AA0-AD60-B4AFF50EEDB0}.Release|Any CPU.ActiveCfg = Release|Any CPU
		{93D5F3E5-ED0D-4AA0-AD60-B4AFF50EEDB0}.Release|Any CPU.Build.0 = Release|Any CPU
		{93D5F3E5-ED0D-4AA0-AD60-B4AFF50EEDB0}.Release|x64.ActiveCfg = Release|Any CPU
		{93D5F3E5-ED0D-4AA0-AD60-B4AFF50EEDB0}.Release|x64.Build.0 = Release|Any CPU
		{93D5F3E5-ED0D-4AA0-AD60-B4AFF50EEDB0}.Release|x86.ActiveCfg = Release|Any CPU
		{93D5F3E5-ED0D-4AA0-AD60-B4AFF50EEDB0}.Release|x86.Build.0 = Release|Any CPU
		{811E4A77-8AE8-4CC5-BD61-21FCD53EEAA8}.Debug|Any CPU.ActiveCfg = Debug|Any CPU
		{811E4A77-8AE8-4CC5-BD61-21FCD53EEAA8}.Debug|Any CPU.Build.0 = Debug|Any CPU
		{811E4A77-8AE8-4CC5-BD61-21FCD53EEAA8}.Debug|x64.ActiveCfg = Debug|Any CPU
		{811E4A77-8AE8-4CC5-BD61-21FCD53EEAA8}.Debug|x64.Build.0 = Debug|Any CPU
		{811E4A77-8AE8-4CC5-BD61-21FCD53EEAA8}.Debug|x86.ActiveCfg = Debug|Any CPU
		{811E4A77-8AE8-4CC5-BD61-21FCD53EEAA8}.Debug|x86.Build.0 = Debug|Any CPU
		{811E4A77-8AE8-4CC5-BD61-21FCD53EEAA8}.Release|Any CPU.ActiveCfg = Release|Any CPU
		{811E4A77-8AE8-4CC5-BD61-21FCD53EEAA8}.Release|Any CPU.Build.0 = Release|Any CPU
		{811E4A77-8AE8-4CC5-BD61-21FCD53EEAA8}.Release|x64.ActiveCfg = Release|Any CPU
		{811E4A77-8AE8-4CC5-BD61-21FCD53EEAA8}.Release|x64.Build.0 = Release|Any CPU
		{811E4A77-8AE8-4CC5-BD61-21FCD53EEAA8}.Release|x86.ActiveCfg = Release|Any CPU
		{811E4A77-8AE8-4CC5-BD61-21FCD53EEAA8}.Release|x86.Build.0 = Release|Any CPU
		{C00FFF59-8BF3-4A9E-9FF0-9A88809E0503}.Debug|Any CPU.ActiveCfg = Debug|Any CPU
		{C00FFF59-8BF3-4A9E-9FF0-9A88809E0503}.Debug|Any CPU.Build.0 = Debug|Any CPU
		{C00FFF59-8BF3-4A9E-9FF0-9A88809E0503}.Debug|x64.ActiveCfg = Debug|Any CPU
		{C00FFF59-8BF3-4A9E-9FF0-9A88809E0503}.Debug|x64.Build.0 = Debug|Any CPU
		{C00FFF59-8BF3-4A9E-9FF0-9A88809E0503}.Debug|x86.ActiveCfg = Debug|Any CPU
		{C00FFF59-8BF3-4A9E-9FF0-9A88809E0503}.Debug|x86.Build.0 = Debug|Any CPU
		{C00FFF59-8BF3-4A9E-9FF0-9A88809E0503}.Release|Any CPU.ActiveCfg = Release|Any CPU
		{C00FFF59-8BF3-4A9E-9FF0-9A88809E0503}.Release|Any CPU.Build.0 = Release|Any CPU
		{C00FFF59-8BF3-4A9E-9FF0-9A88809E0503}.Release|x64.ActiveCfg = Release|Any CPU
		{C00FFF59-8BF3-4A9E-9FF0-9A88809E0503}.Release|x64.Build.0 = Release|Any CPU
		{C00FFF59-8BF3-4A9E-9FF0-9A88809E0503}.Release|x86.ActiveCfg = Release|Any CPU
		{C00FFF59-8BF3-4A9E-9FF0-9A88809E0503}.Release|x86.Build.0 = Release|Any CPU
		{FCC32D0B-FA49-4EB8-A3F6-D3501CA36B6D}.Debug|Any CPU.ActiveCfg = Debug|Any CPU
		{FCC32D0B-FA49-4EB8-A3F6-D3501CA36B6D}.Debug|Any CPU.Build.0 = Debug|Any CPU
		{FCC32D0B-FA49-4EB8-A3F6-D3501CA36B6D}.Debug|x64.ActiveCfg = Debug|Any CPU
		{FCC32D0B-FA49-4EB8-A3F6-D3501CA36B6D}.Debug|x64.Build.0 = Debug|Any CPU
		{FCC32D0B-FA49-4EB8-A3F6-D3501CA36B6D}.Debug|x86.ActiveCfg = Debug|Any CPU
		{FCC32D0B-FA49-4EB8-A3F6-D3501CA36B6D}.Debug|x86.Build.0 = Debug|Any CPU
		{FCC32D0B-FA49-4EB8-A3F6-D3501CA36B6D}.Release|Any CPU.ActiveCfg = Release|Any CPU
		{FCC32D0B-FA49-4EB8-A3F6-D3501CA36B6D}.Release|Any CPU.Build.0 = Release|Any CPU
		{FCC32D0B-FA49-4EB8-A3F6-D3501CA36B6D}.Release|x64.ActiveCfg = Release|Any CPU
		{FCC32D0B-FA49-4EB8-A3F6-D3501CA36B6D}.Release|x64.Build.0 = Release|Any CPU
		{FCC32D0B-FA49-4EB8-A3F6-D3501CA36B6D}.Release|x86.ActiveCfg = Release|Any CPU
		{FCC32D0B-FA49-4EB8-A3F6-D3501CA36B6D}.Release|x86.Build.0 = Release|Any CPU
		{55340290-34EB-421E-AB57-DF66F9B47033}.Debug|Any CPU.ActiveCfg = Debug|Any CPU
		{55340290-34EB-421E-AB57-DF66F9B47033}.Debug|Any CPU.Build.0 = Debug|Any CPU
		{55340290-34EB-421E-AB57-DF66F9B47033}.Debug|x64.ActiveCfg = Debug|Any CPU
		{55340290-34EB-421E-AB57-DF66F9B47033}.Debug|x64.Build.0 = Debug|Any CPU
		{55340290-34EB-421E-AB57-DF66F9B47033}.Debug|x86.ActiveCfg = Debug|Any CPU
		{55340290-34EB-421E-AB57-DF66F9B47033}.Debug|x86.Build.0 = Debug|Any CPU
		{55340290-34EB-421E-AB57-DF66F9B47033}.Release|Any CPU.ActiveCfg = Release|Any CPU
		{55340290-34EB-421E-AB57-DF66F9B47033}.Release|Any CPU.Build.0 = Release|Any CPU
		{55340290-34EB-421E-AB57-DF66F9B47033}.Release|x64.ActiveCfg = Release|Any CPU
		{55340290-34EB-421E-AB57-DF66F9B47033}.Release|x64.Build.0 = Release|Any CPU
		{55340290-34EB-421E-AB57-DF66F9B47033}.Release|x86.ActiveCfg = Release|Any CPU
		{55340290-34EB-421E-AB57-DF66F9B47033}.Release|x86.Build.0 = Release|Any CPU
		{40BD617B-9F85-4CBD-A58E-61F84C0B46C7}.Debug|Any CPU.ActiveCfg = Debug|Any CPU
		{40BD617B-9F85-4CBD-A58E-61F84C0B46C7}.Debug|Any CPU.Build.0 = Debug|Any CPU
		{40BD617B-9F85-4CBD-A58E-61F84C0B46C7}.Debug|x64.ActiveCfg = Debug|Any CPU
		{40BD617B-9F85-4CBD-A58E-61F84C0B46C7}.Debug|x64.Build.0 = Debug|Any CPU
		{40BD617B-9F85-4CBD-A58E-61F84C0B46C7}.Debug|x86.ActiveCfg = Debug|Any CPU
		{40BD617B-9F85-4CBD-A58E-61F84C0B46C7}.Debug|x86.Build.0 = Debug|Any CPU
		{40BD617B-9F85-4CBD-A58E-61F84C0B46C7}.Release|Any CPU.ActiveCfg = Release|Any CPU
		{40BD617B-9F85-4CBD-A58E-61F84C0B46C7}.Release|Any CPU.Build.0 = Release|Any CPU
		{40BD617B-9F85-4CBD-A58E-61F84C0B46C7}.Release|x64.ActiveCfg = Release|Any CPU
		{40BD617B-9F85-4CBD-A58E-61F84C0B46C7}.Release|x64.Build.0 = Release|Any CPU
		{40BD617B-9F85-4CBD-A58E-61F84C0B46C7}.Release|x86.ActiveCfg = Release|Any CPU
		{40BD617B-9F85-4CBD-A58E-61F84C0B46C7}.Release|x86.Build.0 = Release|Any CPU
		{04287BF1-C405-4BC0-A654-8A0608966665}.Debug|Any CPU.ActiveCfg = Debug|Any CPU
		{04287BF1-C405-4BC0-A654-8A0608966665}.Debug|Any CPU.Build.0 = Debug|Any CPU
		{04287BF1-C405-4BC0-A654-8A0608966665}.Debug|x64.ActiveCfg = Debug|Any CPU
		{04287BF1-C405-4BC0-A654-8A0608966665}.Debug|x64.Build.0 = Debug|Any CPU
		{04287BF1-C405-4BC0-A654-8A0608966665}.Debug|x86.ActiveCfg = Debug|Any CPU
		{04287BF1-C405-4BC0-A654-8A0608966665}.Debug|x86.Build.0 = Debug|Any CPU
		{04287BF1-C405-4BC0-A654-8A0608966665}.Release|Any CPU.ActiveCfg = Release|Any CPU
		{04287BF1-C405-4BC0-A654-8A0608966665}.Release|Any CPU.Build.0 = Release|Any CPU
		{04287BF1-C405-4BC0-A654-8A0608966665}.Release|x64.ActiveCfg = Release|Any CPU
		{04287BF1-C405-4BC0-A654-8A0608966665}.Release|x64.Build.0 = Release|Any CPU
		{04287BF1-C405-4BC0-A654-8A0608966665}.Release|x86.ActiveCfg = Release|Any CPU
		{04287BF1-C405-4BC0-A654-8A0608966665}.Release|x86.Build.0 = Release|Any CPU
		{063E6EBE-E5CE-424E-A19B-A32AC46CBA5C}.Debug|Any CPU.ActiveCfg = Debug|Any CPU
		{063E6EBE-E5CE-424E-A19B-A32AC46CBA5C}.Debug|Any CPU.Build.0 = Debug|Any CPU
		{063E6EBE-E5CE-424E-A19B-A32AC46CBA5C}.Debug|x64.ActiveCfg = Debug|Any CPU
		{063E6EBE-E5CE-424E-A19B-A32AC46CBA5C}.Debug|x64.Build.0 = Debug|Any CPU
		{063E6EBE-E5CE-424E-A19B-A32AC46CBA5C}.Debug|x86.ActiveCfg = Debug|Any CPU
		{063E6EBE-E5CE-424E-A19B-A32AC46CBA5C}.Debug|x86.Build.0 = Debug|Any CPU
		{063E6EBE-E5CE-424E-A19B-A32AC46CBA5C}.Release|Any CPU.ActiveCfg = Release|Any CPU
		{063E6EBE-E5CE-424E-A19B-A32AC46CBA5C}.Release|Any CPU.Build.0 = Release|Any CPU
		{063E6EBE-E5CE-424E-A19B-A32AC46CBA5C}.Release|x64.ActiveCfg = Release|Any CPU
		{063E6EBE-E5CE-424E-A19B-A32AC46CBA5C}.Release|x64.Build.0 = Release|Any CPU
		{063E6EBE-E5CE-424E-A19B-A32AC46CBA5C}.Release|x86.ActiveCfg = Release|Any CPU
		{063E6EBE-E5CE-424E-A19B-A32AC46CBA5C}.Release|x86.Build.0 = Release|Any CPU
		{21C99174-ECEE-476E-A51B-6711EA1B0288}.Debug|Any CPU.ActiveCfg = Debug|Any CPU
		{21C99174-ECEE-476E-A51B-6711EA1B0288}.Debug|Any CPU.Build.0 = Debug|Any CPU
		{21C99174-ECEE-476E-A51B-6711EA1B0288}.Debug|x64.ActiveCfg = Debug|Any CPU
		{21C99174-ECEE-476E-A51B-6711EA1B0288}.Debug|x64.Build.0 = Debug|Any CPU
		{21C99174-ECEE-476E-A51B-6711EA1B0288}.Debug|x86.ActiveCfg = Debug|Any CPU
		{21C99174-ECEE-476E-A51B-6711EA1B0288}.Debug|x86.Build.0 = Debug|Any CPU
		{21C99174-ECEE-476E-A51B-6711EA1B0288}.Release|Any CPU.ActiveCfg = Release|Any CPU
		{21C99174-ECEE-476E-A51B-6711EA1B0288}.Release|Any CPU.Build.0 = Release|Any CPU
		{21C99174-ECEE-476E-A51B-6711EA1B0288}.Release|x64.ActiveCfg = Release|Any CPU
		{21C99174-ECEE-476E-A51B-6711EA1B0288}.Release|x64.Build.0 = Release|Any CPU
		{21C99174-ECEE-476E-A51B-6711EA1B0288}.Release|x86.ActiveCfg = Release|Any CPU
		{21C99174-ECEE-476E-A51B-6711EA1B0288}.Release|x86.Build.0 = Release|Any CPU
		{03414638-52D1-4BC1-A07F-BF10AAB61A56}.Debug|Any CPU.ActiveCfg = Debug|Any CPU
		{03414638-52D1-4BC1-A07F-BF10AAB61A56}.Debug|Any CPU.Build.0 = Debug|Any CPU
		{03414638-52D1-4BC1-A07F-BF10AAB61A56}.Debug|x64.ActiveCfg = Debug|Any CPU
		{03414638-52D1-4BC1-A07F-BF10AAB61A56}.Debug|x64.Build.0 = Debug|Any CPU
		{03414638-52D1-4BC1-A07F-BF10AAB61A56}.Debug|x86.ActiveCfg = Debug|Any CPU
		{03414638-52D1-4BC1-A07F-BF10AAB61A56}.Debug|x86.Build.0 = Debug|Any CPU
		{03414638-52D1-4BC1-A07F-BF10AAB61A56}.Release|Any CPU.ActiveCfg = Release|Any CPU
		{03414638-52D1-4BC1-A07F-BF10AAB61A56}.Release|Any CPU.Build.0 = Release|Any CPU
		{03414638-52D1-4BC1-A07F-BF10AAB61A56}.Release|x64.ActiveCfg = Release|Any CPU
		{03414638-52D1-4BC1-A07F-BF10AAB61A56}.Release|x64.Build.0 = Release|Any CPU
		{03414638-52D1-4BC1-A07F-BF10AAB61A56}.Release|x86.ActiveCfg = Release|Any CPU
		{03414638-52D1-4BC1-A07F-BF10AAB61A56}.Release|x86.Build.0 = Release|Any CPU
		{D1B766D9-DB38-400A-9562-92D4BAACF234}.Debug|Any CPU.ActiveCfg = Debug|Any CPU
		{D1B766D9-DB38-400A-9562-92D4BAACF234}.Debug|Any CPU.Build.0 = Debug|Any CPU
		{D1B766D9-DB38-400A-9562-92D4BAACF234}.Debug|x64.ActiveCfg = Debug|Any CPU
		{D1B766D9-DB38-400A-9562-92D4BAACF234}.Debug|x64.Build.0 = Debug|Any CPU
		{D1B766D9-DB38-400A-9562-92D4BAACF234}.Debug|x86.ActiveCfg = Debug|Any CPU
		{D1B766D9-DB38-400A-9562-92D4BAACF234}.Debug|x86.Build.0 = Debug|Any CPU
		{D1B766D9-DB38-400A-9562-92D4BAACF234}.Release|Any CPU.ActiveCfg = Release|Any CPU
		{D1B766D9-DB38-400A-9562-92D4BAACF234}.Release|Any CPU.Build.0 = Release|Any CPU
		{D1B766D9-DB38-400A-9562-92D4BAACF234}.Release|x64.ActiveCfg = Release|Any CPU
		{D1B766D9-DB38-400A-9562-92D4BAACF234}.Release|x64.Build.0 = Release|Any CPU
		{D1B766D9-DB38-400A-9562-92D4BAACF234}.Release|x86.ActiveCfg = Release|Any CPU
		{D1B766D9-DB38-400A-9562-92D4BAACF234}.Release|x86.Build.0 = Release|Any CPU
		{20941248-B7E3-4FD0-95CB-B3EDC0FADF61}.Debug|Any CPU.ActiveCfg = Debug|Any CPU
		{20941248-B7E3-4FD0-95CB-B3EDC0FADF61}.Debug|Any CPU.Build.0 = Debug|Any CPU
		{20941248-B7E3-4FD0-95CB-B3EDC0FADF61}.Debug|x64.ActiveCfg = Debug|Any CPU
		{20941248-B7E3-4FD0-95CB-B3EDC0FADF61}.Debug|x64.Build.0 = Debug|Any CPU
		{20941248-B7E3-4FD0-95CB-B3EDC0FADF61}.Debug|x86.ActiveCfg = Debug|Any CPU
		{20941248-B7E3-4FD0-95CB-B3EDC0FADF61}.Debug|x86.Build.0 = Debug|Any CPU
		{20941248-B7E3-4FD0-95CB-B3EDC0FADF61}.Release|Any CPU.ActiveCfg = Release|Any CPU
		{20941248-B7E3-4FD0-95CB-B3EDC0FADF61}.Release|Any CPU.Build.0 = Release|Any CPU
		{20941248-B7E3-4FD0-95CB-B3EDC0FADF61}.Release|x64.ActiveCfg = Release|Any CPU
		{20941248-B7E3-4FD0-95CB-B3EDC0FADF61}.Release|x64.Build.0 = Release|Any CPU
		{20941248-B7E3-4FD0-95CB-B3EDC0FADF61}.Release|x86.ActiveCfg = Release|Any CPU
		{20941248-B7E3-4FD0-95CB-B3EDC0FADF61}.Release|x86.Build.0 = Release|Any CPU
		{3936A66C-C685-4CFC-8194-DCC0706E529E}.Debug|Any CPU.ActiveCfg = Debug|Any CPU
		{3936A66C-C685-4CFC-8194-DCC0706E529E}.Debug|Any CPU.Build.0 = Debug|Any CPU
		{3936A66C-C685-4CFC-8194-DCC0706E529E}.Debug|x64.ActiveCfg = Debug|Any CPU
		{3936A66C-C685-4CFC-8194-DCC0706E529E}.Debug|x64.Build.0 = Debug|Any CPU
		{3936A66C-C685-4CFC-8194-DCC0706E529E}.Debug|x86.ActiveCfg = Debug|Any CPU
		{3936A66C-C685-4CFC-8194-DCC0706E529E}.Debug|x86.Build.0 = Debug|Any CPU
		{3936A66C-C685-4CFC-8194-DCC0706E529E}.Release|Any CPU.ActiveCfg = Release|Any CPU
		{3936A66C-C685-4CFC-8194-DCC0706E529E}.Release|Any CPU.Build.0 = Release|Any CPU
		{3936A66C-C685-4CFC-8194-DCC0706E529E}.Release|x64.ActiveCfg = Release|Any CPU
		{3936A66C-C685-4CFC-8194-DCC0706E529E}.Release|x64.Build.0 = Release|Any CPU
		{3936A66C-C685-4CFC-8194-DCC0706E529E}.Release|x86.ActiveCfg = Release|Any CPU
		{3936A66C-C685-4CFC-8194-DCC0706E529E}.Release|x86.Build.0 = Release|Any CPU
		{91E929B6-3FEA-48DF-A8FD-FA04AAB65185}.Debug|Any CPU.ActiveCfg = Debug|Any CPU
		{91E929B6-3FEA-48DF-A8FD-FA04AAB65185}.Debug|Any CPU.Build.0 = Debug|Any CPU
		{91E929B6-3FEA-48DF-A8FD-FA04AAB65185}.Debug|x64.ActiveCfg = Debug|Any CPU
		{91E929B6-3FEA-48DF-A8FD-FA04AAB65185}.Debug|x64.Build.0 = Debug|Any CPU
		{91E929B6-3FEA-48DF-A8FD-FA04AAB65185}.Debug|x86.ActiveCfg = Debug|Any CPU
		{91E929B6-3FEA-48DF-A8FD-FA04AAB65185}.Debug|x86.Build.0 = Debug|Any CPU
		{91E929B6-3FEA-48DF-A8FD-FA04AAB65185}.Release|Any CPU.ActiveCfg = Release|Any CPU
		{91E929B6-3FEA-48DF-A8FD-FA04AAB65185}.Release|Any CPU.Build.0 = Release|Any CPU
		{91E929B6-3FEA-48DF-A8FD-FA04AAB65185}.Release|x64.ActiveCfg = Release|Any CPU
		{91E929B6-3FEA-48DF-A8FD-FA04AAB65185}.Release|x64.Build.0 = Release|Any CPU
		{91E929B6-3FEA-48DF-A8FD-FA04AAB65185}.Release|x86.ActiveCfg = Release|Any CPU
		{91E929B6-3FEA-48DF-A8FD-FA04AAB65185}.Release|x86.Build.0 = Release|Any CPU
	EndGlobalSection
	GlobalSection(SolutionProperties) = preSolution
		HideSolutionNode = FALSE
	EndGlobalSection
	GlobalSection(NestedProjects) = preSolution
		{2A82517D-3564-4F33-81D4-99B8583FBD64} = {B5AEBB61-A3C8-40AF-8549-8522104B5EE7}
		{67AF1D6E-0C5B-476D-B676-D7D54C44F4EF} = {2A82517D-3564-4F33-81D4-99B8583FBD64}
		{EF55401D-FB37-4E5B-B660-A1E5B13B5AD4} = {67AF1D6E-0C5B-476D-B676-D7D54C44F4EF}
		{4CFC08E0-D566-4FCF-82BB-7E54C445ED89} = {2A82517D-3564-4F33-81D4-99B8583FBD64}
		{70CAD16E-37A8-40E4-8DF5-251AC2171EC7} = {4CFC08E0-D566-4FCF-82BB-7E54C445ED89}
		{93D5F3E5-ED0D-4AA0-AD60-B4AFF50EEDB0} = {4CFC08E0-D566-4FCF-82BB-7E54C445ED89}
		{811E4A77-8AE8-4CC5-BD61-21FCD53EEAA8} = {4CFC08E0-D566-4FCF-82BB-7E54C445ED89}
		{C00FFF59-8BF3-4A9E-9FF0-9A88809E0503} = {67AF1D6E-0C5B-476D-B676-D7D54C44F4EF}
		{FCC32D0B-FA49-4EB8-A3F6-D3501CA36B6D} = {67AF1D6E-0C5B-476D-B676-D7D54C44F4EF}
		{18450D65-2D28-43ED-A11D-AA06B428FDA3} = {2A82517D-3564-4F33-81D4-99B8583FBD64}
		{55340290-34EB-421E-AB57-DF66F9B47033} = {67AF1D6E-0C5B-476D-B676-D7D54C44F4EF}
		{40BD617B-9F85-4CBD-A58E-61F84C0B46C7} = {67AF1D6E-0C5B-476D-B676-D7D54C44F4EF}
		{04287BF1-C405-4BC0-A654-8A0608966665} = {B8E3BD6A-5937-44EC-9FED-8D324FE09F7C}
		{633A04C0-C253-4A1B-BB38-3DC95AC8EFA4} = {2A82517D-3564-4F33-81D4-99B8583FBD64}
		{063E6EBE-E5CE-424E-A19B-A32AC46CBA5C} = {633A04C0-C253-4A1B-BB38-3DC95AC8EFA4}
		{21C99174-ECEE-476E-A51B-6711EA1B0288} = {633A04C0-C253-4A1B-BB38-3DC95AC8EFA4}
		{03414638-52D1-4BC1-A07F-BF10AAB61A56} = {633A04C0-C253-4A1B-BB38-3DC95AC8EFA4}
		{D1B766D9-DB38-400A-9562-92D4BAACF234} = {633A04C0-C253-4A1B-BB38-3DC95AC8EFA4}
		{20941248-B7E3-4FD0-95CB-B3EDC0FADF61} = {633A04C0-C253-4A1B-BB38-3DC95AC8EFA4}
		{062A0EC6-4442-42C5-A840-F5B46D25BDE6} = {B5AEBB61-A3C8-40AF-8549-8522104B5EE7}
		{3936A66C-C685-4CFC-8194-DCC0706E529E} = {062A0EC6-4442-42C5-A840-F5B46D25BDE6}
	EndGlobalSection
	GlobalSection(ExtensibilityGlobals) = postSolution
		SolutionGuid = {9511A573-09AF-40E5-BC62-0C46DC2D332F}
	EndGlobalSection
EndGlobal
